
Microsoft Visual Studio Solution File, Format Version 12.00
# Visual Studio 15
VisualStudioVersion = 15.0.28010.2048
MinimumVisualStudioVersion = 10.0.40219.1
Project("{FAE04EC0-301F-11D3-BF4B-00C04F79EFBC}") = "Heimdall.Ingress.Rest", "Heimdall.Ingress.Rest\Heimdall.Ingress.Rest.csproj", "{6E73F9D7-D743-4454-BA13-BB96DD7F5BCE}"
EndProject
Global
	GlobalSection(SolutionConfigurationPlatforms) = preSolution
		Debug|Any CPU = Debug|Any CPU
		Release|Any CPU = Release|Any CPU
	EndGlobalSection
	GlobalSection(ProjectConfigurationPlatforms) = postSolution
		{6E73F9D7-D743-4454-BA13-BB96DD7F5BCE}.Debug|Any CPU.ActiveCfg = Debug|Any CPU
		{6E73F9D7-D743-4454-BA13-BB96DD7F5BCE}.Debug|Any CPU.Build.0 = Debug|Any CPU
		{6E73F9D7-D743-4454-BA13-BB96DD7F5BCE}.Release|Any CPU.ActiveCfg = Release|Any CPU
		{6E73F9D7-D743-4454-BA13-BB96DD7F5BCE}.Release|Any CPU.Build.0 = Release|Any CPU
	EndGlobalSection
	GlobalSection(SolutionProperties) = preSolution
		HideSolutionNode = FALSE
	EndGlobalSection
	GlobalSection(ExtensibilityGlobals) = postSolution
		SolutionGuid = {CE8EAF05-F028-48F5-A846-3A4D23C1DBD5}
	EndGlobalSection
EndGlobal
